{
  "name": "@tek-tech/teesio",
  "version": "0.0.1-Init",
  "lockfileVersion": 2,
  "requires": true,
  "packages": {
    "": {
      "name": "@tek-tech/teesio",
      "version": "0.0.1-Init",
      "license": "SEE LICENSE IN FILE",
      "dependencies": {
        "@tek-tech/ears": "^0.0.1-beta-r"
      }
    },
    "node_modules/@tek-tech/ears": {
      "version": "0.0.1-beta-r",
      "resolved": "https://registry.npmjs.org/@tek-tech/ears/-/ears-0.0.1-beta-r.tgz",
      "integrity": "sha512-18opPwlkmcJztC2g9vhUhpjE6VzoaK2to66R2V6BBHxPfEXbjVPmhPrOC9BqoSkhWtpYj76kXO4upW3vEm0RHQ=="
    }
  },
  "dependencies": {
    "@tek-tech/ears": {
      "version": "0.0.1-beta-r",
      "resolved": "https://registry.npmjs.org/@tek-tech/ears/-/ears-0.0.1-beta-r.tgz",
      "integrity": "sha512-18opPwlkmcJztC2g9vhUhpjE6VzoaK2to66R2V6BBHxPfEXbjVPmhPrOC9BqoSkhWtpYj76kXO4upW3vEm0RHQ=="
    }
  }
}
